
Microsoft Visual Studio Solution File, Format Version 12.00
# Visual Studio 14
VisualStudioVersion = 14.0.25420.1
MinimumVisualStudioVersion = 10.0.40219.1
Project("{9092AA53-FB77-4645-B42D-1CCCA6BD08BD}") = "Game", "Game\Game.njsproj", "{280B0444-6B99-416E-9AEB-CDF42B3FF685}"
EndProject
Project("{2150E333-8FDC-42A3-9474-1A3956D46DE8}") = "Client", "Client", "{243D58B6-992D-4F15-887C-ECE1ABE978CC}"
	ProjectSection(SolutionItems) = preProject
		Game\index.html = Game\index.html
	EndProjectSection
EndProject
Global
	GlobalSection(SolutionConfigurationPlatforms) = preSolution
		Debug|Any CPU = Debug|Any CPU
		Release|Any CPU = Release|Any CPU
	EndGlobalSection
	GlobalSection(ProjectConfigurationPlatforms) = postSolution
		{280B0444-6B99-416E-9AEB-CDF42B3FF685}.Debug|Any CPU.ActiveCfg = Debug|Any CPU
		{280B0444-6B99-416E-9AEB-CDF42B3FF685}.Debug|Any CPU.Build.0 = Debug|Any CPU
		{280B0444-6B99-416E-9AEB-CDF42B3FF685}.Release|Any CPU.ActiveCfg = Release|Any CPU
		{280B0444-6B99-416E-9AEB-CDF42B3FF685}.Release|Any CPU.Build.0 = Release|Any CPU
	EndGlobalSection
	GlobalSection(SolutionProperties) = preSolution
		HideSolutionNode = FALSE
	EndGlobalSection
EndGlobal
